
Microsoft Visual Studio Solution File, Format Version 12.00
# Visual Studio Version 16
VisualStudioVersion = 16.0.30523.141
MinimumVisualStudioVersion = 10.0.40219.1
Project("{FAE04EC0-301F-11D3-BF4B-00C04F79EFBC}") = "Neag_Cristina_Lab8", "Neag_Cristina_Lab8.csproj", "{54356F5C-69CA-4158-B585-969E84AC8A22}"
EndProject
Global
	GlobalSection(SolutionConfigurationPlatforms) = preSolution
		Debug|Any CPU = Debug|Any CPU
		Release|Any CPU = Release|Any CPU
	EndGlobalSection
	GlobalSection(ProjectConfigurationPlatforms) = postSolution
		{54356F5C-69CA-4158-B585-969E84AC8A22}.Debug|Any CPU.ActiveCfg = Debug|Any CPU
		{54356F5C-69CA-4158-B585-969E84AC8A22}.Debug|Any CPU.Build.0 = Debug|Any CPU
		{54356F5C-69CA-4158-B585-969E84AC8A22}.Release|Any CPU.ActiveCfg = Release|Any CPU
		{54356F5C-69CA-4158-B585-969E84AC8A22}.Release|Any CPU.Build.0 = Release|Any CPU
	EndGlobalSection
	GlobalSection(SolutionProperties) = preSolution
		HideSolutionNode = FALSE
	EndGlobalSection
	GlobalSection(ExtensibilityGlobals) = postSolution
		SolutionGuid = {8A8ED0A6-4B04-4327-8C30-D23E5E9B4374}
	EndGlobalSection
EndGlobal
